
Microsoft Visual Studio Solution File, Format Version 12.00
# Visual Studio Version 17
VisualStudioVersion = 17.5.001.0
MinimumVisualStudioVersion = 10.0.40219.1
Project("{9A19103F-16F7-4668-BE54-9A1E7A4F7556}") = "Spryer", "Spryer\Spryer.csproj", "{BF596067-63BC-4C76-9864-AA30453399B4}"
EndProject
Project("{FAE04EC0-301F-11D3-BF4B-00C04F79EFBC}") = "Spryer.Tests", "Spryer.Tests\Spryer.Tests.csproj", "{5B85254D-0233-4C5C-9717-62BFD42D3ACA}"
EndProject
Global
	GlobalSection(SolutionConfigurationPlatforms) = preSolution
		Debug|Any CPU = Debug|Any CPU
		Release|Any CPU = Release|Any CPU
	EndGlobalSection
	GlobalSection(ProjectConfigurationPlatforms) = postSolution
		{BF596067-63BC-4C76-9864-AA30453399B4}.Debug|Any CPU.ActiveCfg = Debug|Any CPU
		{BF596067-63BC-4C76-9864-AA30453399B4}.Debug|Any CPU.Build.0 = Debug|Any CPU
		{BF596067-63BC-4C76-9864-AA30453399B4}.Release|Any CPU.ActiveCfg = Release|Any CPU
		{BF596067-63BC-4C76-9864-AA30453399B4}.Release|Any CPU.Build.0 = Release|Any CPU
		{5B85254D-0233-4C5C-9717-62BFD42D3ACA}.Debug|Any CPU.ActiveCfg = Debug|Any CPU
		{5B85254D-0233-4C5C-9717-62BFD42D3ACA}.Debug|Any CPU.Build.0 = Debug|Any CPU
		{5B85254D-0233-4C5C-9717-62BFD42D3ACA}.Release|Any CPU.ActiveCfg = Release|Any CPU
		{5B85254D-0233-4C5C-9717-62BFD42D3ACA}.Release|Any CPU.Build.0 = Release|Any CPU
	EndGlobalSection
	GlobalSection(SolutionProperties) = preSolution
		HideSolutionNode = FALSE
	EndGlobalSection
	GlobalSection(ExtensibilityGlobals) = postSolution
		SolutionGuid = {42C4D4AE-00C5-4008-8A30-A518B212FD52}
	EndGlobalSection
EndGlobal
